// !$*UTF8*$!
{
	archiveVersion = 1;
	classes = {
	};
	objectVersion = 56;
	objects = {

/* Begin PBXBuildFile section */
		1C9007B728FC92C100570BFD /* AppDelegate.swift in Sources */ = {isa = PBXBuildFile; fileRef = 1C9007B628FC92C100570BFD /* AppDelegate.swift */; };
		1C9007B928FC92C100570BFD /* SceneDelegate.swift in Sources */ = {isa = PBXBuildFile; fileRef = 1C9007B828FC92C100570BFD /* SceneDelegate.swift */; };
		1C9007BB28FC92C100570BFD /* LoginVC.swift in Sources */ = {isa = PBXBuildFile; fileRef = 1C9007BA28FC92C100570BFD /* LoginVC.swift */; };
		1C9007BE28FC92C100570BFD /* Main.storyboard in Resources */ = {isa = PBXBuildFile; fileRef = 1C9007BC28FC92C100570BFD /* Main.storyboard */; };
		1C9007C028FC92C500570BFD /* Assets.xcassets in Resources */ = {isa = PBXBuildFile; fileRef = 1C9007BF28FC92C500570BFD /* Assets.xcassets */; };
		1C9007C328FC92C500570BFD /* LaunchScreen.storyboard in Resources */ = {isa = PBXBuildFile; fileRef = 1C9007C128FC92C500570BFD /* LaunchScreen.storyboard */; };
		1C9007D028FC97BA00570BFD /* HomeVC.swift in Sources */ = {isa = PBXBuildFile; fileRef = 1C9007CF28FC97BA00570BFD /* HomeVC.swift */; };
		1CEBE2BF28FC9B09008AF554 /* SignupVC.swift in Sources */ = {isa = PBXBuildFile; fileRef = 1CEBE2BE28FC9B09008AF554 /* SignupVC.swift */; };
		1CEBE2C128FC9B6A008AF554 /* User.swift in Sources */ = {isa = PBXBuildFile; fileRef = 1CEBE2C028FC9B6A008AF554 /* User.swift */; };
/* End PBXBuildFile section */

/* Begin PBXFileReference section */
		1C9007B328FC92C100570BFD /* iOS_Intro_Demo.app */ = {isa = PBXFileReference; explicitFileType = wrapper.application; includeInIndex = 0; path = iOS_Intro_Demo.app; sourceTree = BUILT_PRODUCTS_DIR; };
		1C9007B628FC92C100570BFD /* AppDelegate.swift */ = {isa = PBXFileReference; lastKnownFileType = sourcecode.swift; path = AppDelegate.swift; sourceTree = "<group>"; };
		1C9007B828FC92C100570BFD /* SceneDelegate.swift */ = {isa = PBXFileReference; lastKnownFileType = sourcecode.swift; path = SceneDelegate.swift; sourceTree = "<group>"; };
		1C9007BA28FC92C100570BFD /* LoginVC.swift */ = {isa = PBXFileReference; lastKnownFileType = sourcecode.swift; path = LoginVC.swift; sourceTree = "<group>"; };
		1C9007BD28FC92C100570BFD /* Base */ = {isa = PBXFileReference; lastKnownFileType = file.storyboard; name = Base; path = Base.lproj/Main.storyboard; sourceTree = "<group>"; };
		1C9007BF28FC92C500570BFD /* Assets.xcassets */ = {isa = PBXFileReference; lastKnownFileType = folder.assetcatalog; path = Assets.xcassets; sourceTree = "<group>"; };
		1C9007C228FC92C500570BFD /* Base */ = {isa = PBXFileReference; lastKnownFileType = file.storyboard; name = Base; path = Base.lproj/LaunchScreen.storyboard; sourceTree = "<group>"; };
		1C9007C428FC92C500570BFD /* Info.plist */ = {isa = PBXFileReference; lastKnownFileType = text.plist.xml; path = Info.plist; sourceTree = "<group>"; };
		1C9007CF28FC97BA00570BFD /* HomeVC.swift */ = {isa = PBXFileReference; lastKnownFileType = sourcecode.swift; path = HomeVC.swift; sourceTree = "<group>"; };
		1CEBE2BE28FC9B09008AF554 /* SignupVC.swift */ = {isa = PBXFileReference; lastKnownFileType = sourcecode.swift; path = SignupVC.swift; sourceTree = "<group>"; };
		1CEBE2C028FC9B6A008AF554 /* User.swift */ = {isa = PBXFileReference; lastKnownFileType = sourcecode.swift; path = User.swift; sourceTree = "<group>"; };
/* End PBXFileReference section */

/* Begin PBXFrameworksBuildPhase section */
		1C9007B028FC92C100570BFD /* Frameworks */ = {
			isa = PBXFrameworksBuildPhase;
			buildActionMask = 2147483647;
			files = (
			);
			runOnlyForDeploymentPostprocessing = 0;
		};
/* End PBXFrameworksBuildPhase section */

/* Begin PBXGroup section */
		1C9007AA28FC92C100570BFD = {
			isa = PBXGroup;
			children = (
				1C9007B528FC92C100570BFD /* iOS_Intro_Demo */,
				1C9007B428FC92C100570BFD /* Products */,
			);
			sourceTree = "<group>";
		};
		1C9007B428FC92C100570BFD /* Products */ = {
			isa = PBXGroup;
			children = (
				1C9007B328FC92C100570BFD /* iOS_Intro_Demo.app */,
			);
			name = Products;
			sourceTree = "<group>";
		};
		1C9007B528FC92C100570BFD /* iOS_Intro_Demo */ = {
			isa = PBXGroup;
			children = (
				1C9007B628FC92C100570BFD /* AppDelegate.swift */,
				1C9007B828FC92C100570BFD /* SceneDelegate.swift */,
				1C9007BA28FC92C100570BFD /* LoginVC.swift */,
				1C9007BC28FC92C100570BFD /* Main.storyboard */,
				1C9007BF28FC92C500570BFD /* Assets.xcassets */,
				1C9007C128FC92C500570BFD /* LaunchScreen.storyboard */,
				1C9007C428FC92C500570BFD /* Info.plist */,
				1C9007CF28FC97BA00570BFD /* HomeVC.swift */,
				1CEBE2BE28FC9B09008AF554 /* SignupVC.swift */,
				1CEBE2C028FC9B6A008AF554 /* User.swift */,
			);
			path = iOS_Intro_Demo;
			sourceTree = "<group>";
		};
/* End PBXGroup section */

/* Begin PBXNativeTarget section */
		1C9007B228FC92C100570BFD /* iOS_Intro_Demo */ = {
			isa = PBXNativeTarget;
			buildConfigurationList = 1C9007C728FC92C500570BFD /* Build configuration list for PBXNativeTarget "iOS_Intro_Demo" */;
			buildPhases = (
				1C9007AF28FC92C100570BFD /* Sources */,
				1C9007B028FC92C100570BFD /* Frameworks */,
				1C9007B128FC92C100570BFD /* Resources */,
			);
			buildRules = (
			);
			dependencies = (
			);
			name = iOS_Intro_Demo;
			productName = iOS_Intro_Demo;
			productReference = 1C9007B328FC92C100570BFD /* iOS_Intro_Demo.app */;
			productType = "com.apple.product-type.application";
		};
/* End PBXNativeTarget section */

/* Begin PBXProject section */
		1C9007AB28FC92C100570BFD /* Project object */ = {
			isa = PBXProject;
			attributes = {
				BuildIndependentTargetsInParallel = 1;
				LastSwiftUpdateCheck = 1400;
				LastUpgradeCheck = 1400;
				TargetAttributes = {
					1C9007B228FC92C100570BFD = {
						CreatedOnToolsVersion = 14.0.1;
					};
				};
			};
			buildConfigurationList = 1C9007AE28FC92C100570BFD /* Build configuration list for PBXProject "iOS_Intro_Demo" */;
			compatibilityVersion = "Xcode 14.0";
			developmentRegion = en;
			hasScannedForEncodings = 0;
			knownRegions = (
				en,
				Base,
			);
			mainGroup = 1C9007AA28FC92C100570BFD;
			productRefGroup = 1C9007B428FC92C100570BFD /* Products */;
			projectDirPath = "";
			projectRoot = "";
			targets = (
				1C9007B228FC92C100570BFD /* iOS_Intro_Demo */,
			);
		};
/* End PBXProject section */

/* Begin PBXResourcesBuildPhase section */
		1C9007B128FC92C100570BFD /* Resources */ = {
			isa = PBXResourcesBuildPhase;
			buildActionMask = 2147483647;
			files = (
				1C9007C328FC92C500570BFD /* LaunchScreen.storyboard in Resources */,
				1C9007C028FC92C500570BFD /* Assets.xcassets in Resources */,
				1C9007BE28FC92C100570BFD /* Main.storyboard in Resources */,
			);
			runOnlyForDeploymentPostprocessing = 0;
		};
/* End PBXResourcesBuildPhase section */

/* Begin PBXSourcesBuildPhase section */
		1C9007AF28FC92C100570BFD /* Sources */ = {
			isa = PBXSourcesBuildPhase;
			buildActionMask = 2147483647;
			files = (
				1C9007BB28FC92C100570BFD /* LoginVC.swift in Sources */,
				1CEBE2BF28FC9B09008AF554 /* SignupVC.swift in Sources */,
				1CEBE2C128FC9B6A008AF554 /* User.swift in Sources */,
				1C9007D028FC97BA00570BFD /* HomeVC.swift in Sources */,
				1C9007B728FC92C100570BFD /* AppDelegate.swift in Sources */,
				1C9007B928FC92C100570BFD /* SceneDelegate.swift in Sources */,
			);
			runOnlyForDeploymentPostprocessing = 0;
		};
/* End PBXSourcesBuildPhase section */

/* Begin PBXVariantGroup section */
		1C9007BC28FC92C100570BFD /* Main.storyboard */ = {
			isa = PBXVariantGroup;
			children = (
				1C9007BD28FC92C100570BFD /* Base */,
			);
			name = Main.storyboard;
			sourceTree = "<group>";
		};
		1C9007C128FC92C500570BFD /* LaunchScreen.storyboard */ = {
			isa = PBXVariantGroup;
			children = (
				1C9007C228FC92C500570BFD /* Base */,
			);
			name = LaunchScreen.storyboard;
			sourceTree = "<group>";
		};
/* End PBXVariantGroup section */

/* Begin XCBuildConfiguration section */
		1C9007C528FC92C500570BFD /* Debug */ = {
			isa = XCBuildConfiguration;
			buildSettings = {
				ALWAYS_SEARCH_USER_PATHS = NO;
				CLANG_ANALYZER_NONNULL = YES;
				CLANG_ANALYZER_NUMBER_OBJECT_CONVERSION = YES_AGGRESSIVE;
				CLANG_CXX_LANGUAGE_STANDARD = "gnu++20";
				CLANG_ENABLE_MODULES = YES;
				CLANG_ENABLE_OBJC_ARC = YES;
				CLANG_ENABLE_OBJC_WEAK = YES;
				CLANG_WARN_BLOCK_CAPTURE_AUTORELEASING = YES;
				CLANG_WARN_BOOL_CONVERSION = YES;
				CLANG_WARN_COMMA = YES;
				CLANG_WARN_CONSTANT_CONVERSION = YES;
				CLANG_WARN_DEPRECATED_OBJC_IMPLEMENTATIONS = YES;
				CLANG_WARN_DIRECT_OBJC_ISA_USAGE = YES_ERROR;
				CLANG_WARN_DOCUMENTATION_COMMENTS = YES;
				CLANG_WARN_EMPTY_BODY = YES;
				CLANG_WARN_ENUM_CONVERSION = YES;
				CLANG_WARN_INFINITE_RECURSION = YES;
				CLANG_WARN_INT_CONVERSION = YES;
				CLANG_WARN_NON_LITERAL_NULL_CONVERSION = YES;
				CLANG_WARN_OBJC_IMPLICIT_RETAIN_SELF = YES;
				CLANG_WARN_OBJC_LITERAL_CONVERSION = YES;
				CLANG_WARN_OBJC_ROOT_CLASS = YES_ERROR;
				CLANG_WARN_QUOTED_INCLUDE_IN_FRAMEWORK_HEADER = YES;
				CLANG_WARN_RANGE_LOOP_ANALYSIS = YES;
				CLANG_WARN_STRICT_PROTOTYPES = YES;
				CLANG_WARN_SUSPICIOUS_MOVE = YES;
				CLANG_WARN_UNGUARDED_AVAILABILITY = YES_AGGRESSIVE;
				CLANG_WARN_UNREACHABLE_CODE = YES;
				CLANG_WARN__DUPLICATE_METHOD_MATCH = YES;
				COPY_PHASE_STRIP = NO;
				DEBUG_INFORMATION_FORMAT = dwarf;
				ENABLE_STRICT_OBJC_MSGSEND = YES;
				ENABLE_TESTABILITY = YES;
				GCC_C_LANGUAGE_STANDARD = gnu11;
				GCC_DYNAMIC_NO_PIC = NO;
				GCC_NO_COMMON_BLOCKS = YES;
				GCC_OPTIMIZATION_LEVEL = 0;
				GCC_PREPROCESSOR_DEFINITIONS = (
					"DEBUG=1",
					"$(inherited)",
				);
				GCC_WARN_64_TO_32_BIT_CONVERSION = YES;
				GCC_WARN_ABOUT_RETURN_TYPE = YES_ERROR;
				GCC_WARN_UNDECLARED_SELECTOR = YES;
				GCC_WARN_UNINITIALIZED_AUTOS = YES_AGGRESSIVE;
				GCC_WARN_UNUSED_FUNCTION = YES;
				GCC_WARN_UNUSED_VARIABLE = YES;
				IPHONEOS_DEPLOYMENT_TARGET = 16.0;
				MTL_ENABLE_DEBUG_INFO = INCLUDE_SOURCE;
				MTL_FAST_MATH = YES;
				ONLY_ACTIVE_ARCH = YES;
				SDKROOT = iphoneos;
				SWIFT_ACTIVE_COMPILATION_CONDITIONS = DEBUG;
				SWIFT_OPTIMIZATION_LEVEL = "-Onone";
			};
			name = Debug;
		};
		1C9007C628FC92C500570BFD /* Release */ = {
			isa = XCBuildConfiguration;
			buildSettings = {
				ALWAYS_SEARCH_USER_PATHS = NO;
				CLANG_ANALYZER_NONNULL = YES;
				CLANG_ANALYZER_NUMBER_OBJECT_CONVERSION = YES_AGGRESSIVE;
				CLANG_CXX_LANGUAGE_STANDARD = "gnu++20";
				CLANG_ENABLE_MODULES = YES;
				CLANG_ENABLE_OBJC_ARC = YES;
				CLANG_ENABLE_OBJC_WEAK = YES;
				CLANG_WARN_BLOCK_CAPTURE_AUTORELEASING = YES;
				CLANG_WARN_BOOL_CONVERSION = YES;
				CLANG_WARN_COMMA = YES;
				CLANG_WARN_CONSTANT_CONVERSION = YES;
				CLANG_WARN_DEPRECATED_OBJC_IMPLEMENTATIONS = YES;
				CLANG_WARN_DIRECT_OBJC_ISA_USAGE = YES_ERROR;
				CLANG_WARN_DOCUMENTATION_COMMENTS = YES;
				CLANG_WARN_EMPTY_BODY = YES;
				CLANG_WARN_ENUM_CONVERSION = YES;
				CLANG_WARN_INFINITE_RECURSION = YES;
				CLANG_WARN_INT_CONVERSION = YES;
				CLANG_WARN_NON_LITERAL_NULL_CONVERSION = YES;
				CLANG_WARN_OBJC_IMPLICIT_RETAIN_SELF = YES;
				CLANG_WARN_OBJC_LITERAL_CONVERSION = YES;
				CLANG_WARN_OBJC_ROOT_CLASS = YES_ERROR;
				CLANG_WARN_QUOTED_INCLUDE_IN_FRAMEWORK_HEADER = YES;
				CLANG_WARN_RANGE_LOOP_ANALYSIS = YES;
				CLANG_WARN_STRICT_PROTOTYPES = YES;
				CLANG_WARN_SUSPICIOUS_MOVE = YES;
				CLANG_WARN_UNGUARDED_AVAILABILITY = YES_AGGRESSIVE;
				CLANG_WARN_UNREACHABLE_CODE = YES;
				CLANG_WARN__DUPLICATE_METHOD_MATCH = YES;
				COPY_PHASE_STRIP = NO;
				DEBUG_INFORMATION_FORMAT = "dwarf-with-dsym";
				ENABLE_NS_ASSERTIONS = NO;
				ENABLE_STRICT_OBJC_MSGSEND = YES;
				GCC_C_LANGUAGE_STANDARD = gnu11;
				GCC_NO_COMMON_BLOCKS = YES;
				GCC_WARN_64_TO_32_BIT_CONVERSION = YES;
				GCC_WARN_ABOUT_RETURN_TYPE = YES_ERROR;
				GCC_WARN_UNDECLARED_SELECTOR = YES;
				GCC_WARN_UNINITIALIZED_AUTOS = YES_AGGRESSIVE;
				GCC_WARN_UNUSED_FUNCTION = YES;
				GCC_WARN_UNUSED_VARIABLE = YES;
				IPHONEOS_DEPLOYMENT_TARGET = 16.0;
				MTL_ENABLE_DEBUG_INFO = NO;
				MTL_FAST_MATH = YES;
				SDKROOT = iphoneos;
				SWIFT_COMPILATION_MODE = wholemodule;
				SWIFT_OPTIMIZATION_LEVEL = "-O";
				VALIDATE_PRODUCT = YES;
			};
			name = Release;
		};
		1C9007C828FC92C500570BFD /* Debug */ = {
			isa = XCBuildConfiguration;
			buildSettings = {
				ASSETCATALOG_COMPILER_APPICON_NAME = AppIcon;
				ASSETCATALOG_COMPILER_GLOBAL_ACCENT_COLOR_NAME = AccentColor;
				CODE_SIGN_STYLE = Automatic;
				CURRENT_PROJECT_VERSION = 1;
				DEVELOPMENT_TEAM = 439A5LJCX9;
				GENERATE_INFOPLIST_FILE = YES;
				INFOPLIST_FILE = iOS_Intro_Demo/Info.plist;
				INFOPLIST_KEY_UIApplicationSupportsIndirectInputEvents = YES;
				INFOPLIST_KEY_UILaunchStoryboardName = LaunchScreen;
				INFOPLIST_KEY_UIMainStoryboardFile = Main;
				INFOPLIST_KEY_UISupportedInterfaceOrientations_iPad = "UIInterfaceOrientationPortrait UIInterfaceOrientationPortraitUpsideDown UIInterfaceOrientationLandscapeLeft UIInterfaceOrientationLandscapeRight";
				INFOPLIST_KEY_UISupportedInterfaceOrientations_iPhone = "UIInterfaceOrientationPortrait UIInterfaceOrientationLandscapeLeft UIInterfaceOrientationLandscapeRight";
				LD_RUNPATH_SEARCH_PATHS = (
					"$(inherited)",
					"@executable_path/Frameworks",
				);
				MARKETING_VERSION = 1.0;
				PRODUCT_BUNDLE_IDENTIFIER = "com.mohammadkiani.iOS-Intro-Demo";
				PRODUCT_NAME = "$(TARGET_NAME)";
				SWIFT_EMIT_LOC_STRINGS = YES;
				SWIFT_VERSION = 5.0;
				TARGETED_DEVICE_FAMILY = "1,2";
			};
			name = Debug;
		};
		1C9007C928FC92C500570BFD /* Release */ = {
			isa = XCBuildConfiguration;
			buildSettings = {
				ASSETCATALOG_COMPILER_APPICON_NAME = AppIcon;
				ASSETCATALOG_COMPILER_GLOBAL_ACCENT_COLOR_NAME = AccentColor;
				CODE_SIGN_STYLE = Automatic;
				CURRENT_PROJECT_VERSION = 1;
				DEVELOPMENT_TEAM = 439A5LJCX9;
				GENERATE_INFOPLIST_FILE = YES;
				INFOPLIST_FILE = iOS_Intro_Demo/Info.plist;
				INFOPLIST_KEY_UIApplicationSupportsIndirectInputEvents = YES;
				INFOPLIST_KEY_UILaunchStoryboardName = LaunchScreen;
				INFOPLIST_KEY_UIMainStoryboardFile = Main;
				INFOPLIST_KEY_UISupportedInterfaceOrientations_iPad = "UIInterfaceOrientationPortrait UIInterfaceOrientationPortraitUpsideDown UIInterfaceOrientationLandscapeLeft UIInterfaceOrientationLandscapeRight";
				INFOPLIST_KEY_UISupportedInterfaceOrientations_iPhone = "UIInterfaceOrientationPortrait UIInterfaceOrientationLandscapeLeft UIInterfaceOrientationLandscapeRight";
				LD_RUNPATH_SEARCH_PATHS = (
					"$(inherited)",
					"@executable_path/Frameworks",
				);
				MARKETING_VERSION = 1.0;
				PRODUCT_BUNDLE_IDENTIFIER = "com.mohammadkiani.iOS-Intro-Demo";
				PRODUCT_NAME = "$(TARGET_NAME)";
				SWIFT_EMIT_LOC_STRINGS = YES;
				SWIFT_VERSION = 5.0;
				TARGETED_DEVICE_FAMILY = "1,2";
			};
			name = Release;
		};
/* End XCBuildConfiguration section */

/* Begin XCConfigurationList section */
		1C9007AE28FC92C100570BFD /* Build configuration list for PBXProject "iOS_Intro_Demo" */ = {
			isa = XCConfigurationList;
			buildConfigurations = (
				1C9007C528FC92C500570BFD /* Debug */,
				1C9007C628FC92C500570BFD /* Release */,
			);
			defaultConfigurationIsVisible = 0;
			defaultConfigurationName = Release;
		};
		1C9007C728FC92C500570BFD /* Build configuration list for PBXNativeTarget "iOS_Intro_Demo" */ = {
			isa = XCConfigurationList;
			buildConfigurations = (
				1C9007C828FC92C500570BFD /* Debug */,
				1C9007C928FC92C500570BFD /* Release */,
			);
			defaultConfigurationIsVisible = 0;
			defaultConfigurationName = Release;
		};
/* End XCConfigurationList section */
	};
	rootObject = 1C9007AB28FC92C100570BFD /* Project object */;
}
